
Microsoft Visual Studio Solution File, Format Version 12.00
# Visual Studio Version 16
VisualStudioVersion = 16.0.30104.148
MinimumVisualStudioVersion = 10.0.40219.1
Project("{9A19103F-16F7-4668-BE54-9A1E7A4F7556}") = "FizzBuzzWebProject", "src\FizzBuzzWebProject\FizzBuzzWebProject.csproj", "{3A73C539-FE18-47ED-B4F8-12AC31FE211C}"
EndProject
Project("{9A19103F-16F7-4668-BE54-9A1E7A4F7556}") = "FizzBuzzWebProject.Features", "src\FizzBuzzWebProject.Features\FizzBuzzWebProject.Features.csproj", "{BBFDA558-78C4-4408-AE02-387D696D1078}"
EndProject
Project("{FAE04EC0-301F-11D3-BF4B-00C04F79EFBC}") = "FizzBuzzWebProject.UnitTests", "src\FizzBuzzWebProject.UnitTests\FizzBuzzWebProject.UnitTests.csproj", "{2BC6DF72-B9BE-4298-9366-DE5785E4ABE8}"
EndProject
Project("{FAE04EC0-301F-11D3-BF4B-00C04F79EFBC}") = "FizzBuzzWebProject.E2ETests", "src\FizzBuzzWebProject.E2ETests\FizzBuzzWebProject.E2ETests.csproj", "{3131DD52-C1AF-4E94-BF6F-67EB0813DB89}"
EndProject
Global
	GlobalSection(SolutionConfigurationPlatforms) = preSolution
		Debug|Any CPU = Debug|Any CPU
		Release|Any CPU = Release|Any CPU
	EndGlobalSection
	GlobalSection(ProjectConfigurationPlatforms) = postSolution
		{3A73C539-FE18-47ED-B4F8-12AC31FE211C}.Debug|Any CPU.ActiveCfg = Debug|Any CPU
		{3A73C539-FE18-47ED-B4F8-12AC31FE211C}.Debug|Any CPU.Build.0 = Debug|Any CPU
		{3A73C539-FE18-47ED-B4F8-12AC31FE211C}.Release|Any CPU.ActiveCfg = Release|Any CPU
		{3A73C539-FE18-47ED-B4F8-12AC31FE211C}.Release|Any CPU.Build.0 = Release|Any CPU
		{BBFDA558-78C4-4408-AE02-387D696D1078}.Debug|Any CPU.ActiveCfg = Debug|Any CPU
		{BBFDA558-78C4-4408-AE02-387D696D1078}.Debug|Any CPU.Build.0 = Debug|Any CPU
		{BBFDA558-78C4-4408-AE02-387D696D1078}.Release|Any CPU.ActiveCfg = Release|Any CPU
		{BBFDA558-78C4-4408-AE02-387D696D1078}.Release|Any CPU.Build.0 = Release|Any CPU
		{2BC6DF72-B9BE-4298-9366-DE5785E4ABE8}.Debug|Any CPU.ActiveCfg = Debug|Any CPU
		{2BC6DF72-B9BE-4298-9366-DE5785E4ABE8}.Debug|Any CPU.Build.0 = Debug|Any CPU
		{2BC6DF72-B9BE-4298-9366-DE5785E4ABE8}.Release|Any CPU.ActiveCfg = Release|Any CPU
		{2BC6DF72-B9BE-4298-9366-DE5785E4ABE8}.Release|Any CPU.Build.0 = Release|Any CPU
		{3131DD52-C1AF-4E94-BF6F-67EB0813DB89}.Debug|Any CPU.ActiveCfg = Debug|Any CPU
		{3131DD52-C1AF-4E94-BF6F-67EB0813DB89}.Debug|Any CPU.Build.0 = Debug|Any CPU
		{3131DD52-C1AF-4E94-BF6F-67EB0813DB89}.Release|Any CPU.ActiveCfg = Release|Any CPU
		{3131DD52-C1AF-4E94-BF6F-67EB0813DB89}.Release|Any CPU.Build.0 = Release|Any CPU
	EndGlobalSection
	GlobalSection(SolutionProperties) = preSolution
		HideSolutionNode = FALSE
	EndGlobalSection
	GlobalSection(ExtensibilityGlobals) = postSolution
		SolutionGuid = {84FACBE2-23AF-4CF6-B743-97D527F986E2}
	EndGlobalSection
EndGlobal
